
Microsoft Visual Studio Solution File, Format Version 12.00
# Visual Studio Version 17
VisualStudioVersion = 17.10.35122.118
MinimumVisualStudioVersion = 10.0.40219.1
Project("{FAE04EC0-301F-11D3-BF4B-00C04F79EFBC}") = "NOGA.Server", "NOGA.Server\NOGA.Server.csproj", "{9F08324A-1327-44A8-AA11-9BA16FDF8FD7}"
EndProject
Global
	GlobalSection(SolutionConfigurationPlatforms) = preSolution
		Debug|Any CPU = Debug|Any CPU
		Release|Any CPU = Release|Any CPU
	EndGlobalSection
	GlobalSection(ProjectConfigurationPlatforms) = postSolution
		{9F08324A-1327-44A8-AA11-9BA16FDF8FD7}.Debug|Any CPU.ActiveCfg = Debug|Any CPU
		{9F08324A-1327-44A8-AA11-9BA16FDF8FD7}.Debug|Any CPU.Build.0 = Debug|Any CPU
		{9F08324A-1327-44A8-AA11-9BA16FDF8FD7}.Release|Any CPU.ActiveCfg = Release|Any CPU
		{9F08324A-1327-44A8-AA11-9BA16FDF8FD7}.Release|Any CPU.Build.0 = Release|Any CPU
	EndGlobalSection
	GlobalSection(SolutionProperties) = preSolution
		HideSolutionNode = FALSE
	EndGlobalSection
	GlobalSection(ExtensibilityGlobals) = postSolution
		SolutionGuid = {09B16579-8854-48EB-91F7-2B62E96D8970}
	EndGlobalSection
EndGlobal
